// !$*UTF8*$!
{
	archiveVersion = 1;
	classes = {
	};
	objectVersion = 51;
	objects = {

/* Begin PBXBuildFile section */
		01578EC121E5E75A002B2033 /* AppDelegate.swift in Sources */ = {isa = PBXBuildFile; fileRef = 01578EC021E5E75A002B2033 /* AppDelegate.swift */; };
		01578ECB21E5E75D002B2033 /* Assets.xcassets in Resources */ = {isa = PBXBuildFile; fileRef = 01578ECA21E5E75D002B2033 /* Assets.xcassets */; };
		01578ECE21E5E75D002B2033 /* LaunchScreen.storyboard in Resources */ = {isa = PBXBuildFile; fileRef = 01578ECC21E5E75D002B2033 /* LaunchScreen.storyboard */; };
		01578ED921E5E75D002B2033 /* DroidKaigi_2019Tests.swift in Sources */ = {isa = PBXBuildFile; fileRef = 01578ED821E5E75D002B2033 /* DroidKaigi_2019Tests.swift */; };
		01578EE421E5E75D002B2033 /* DroidKaigi_2019UITests.swift in Sources */ = {isa = PBXBuildFile; fileRef = 01578EE321E5E75D002B2033 /* DroidKaigi_2019UITests.swift */; };
		01E0C3D021E9ED450014DA7E /* ioscombined.framework in Frameworks */ = {isa = PBXBuildFile; fileRef = 01E0C3CF21E9ED450014DA7E /* ioscombined.framework */; };
		2159CC5321FE0E0000DBD016 /* MainViewController.swift in Sources */ = {isa = PBXBuildFile; fileRef = 2159CC5221FE0E0000DBD016 /* MainViewController.swift */; };
		2159CC5521FE122F00DBD016 /* MainViewController.storyboard in Resources */ = {isa = PBXBuildFile; fileRef = 2159CC5421FE122F00DBD016 /* MainViewController.storyboard */; };
		2159CC5721FE186800DBD016 /* Day.swift in Sources */ = {isa = PBXBuildFile; fileRef = 2159CC5621FE186800DBD016 /* Day.swift */; };
		218481C521FB7F480048D9D3 /* Settings.bundle in Resources */ = {isa = PBXBuildFile; fileRef = 218481C421FB7F480048D9D3 /* Settings.bundle */; };
		2CBEBD60F6DCD21A07E2D311 /* Pods_DroidKaigi_2019.framework in Frameworks */ = {isa = PBXBuildFile; fileRef = 93A3E24B47F135429DAD2646 /* Pods_DroidKaigi_2019.framework */; };
		360744F121FADF53003569D3 /* SessionDetailViewController.swift in Sources */ = {isa = PBXBuildFile; fileRef = 360744F021FADF53003569D3 /* SessionDetailViewController.swift */; };
		360744F321FAF0CE003569D3 /* SessionDetailHeaderTableViewCell.swift in Sources */ = {isa = PBXBuildFile; fileRef = 360744F221FAF0CE003569D3 /* SessionDetailHeaderTableViewCell.swift */; };
		360744F521FAF13C003569D3 /* SessionDetailTableViewCell.swift in Sources */ = {isa = PBXBuildFile; fileRef = 360744F421FAF13C003569D3 /* SessionDetailTableViewCell.swift */; };
		360744F721FAF152003569D3 /* SessionDetailTagsTableViewCell.swift in Sources */ = {isa = PBXBuildFile; fileRef = 360744F621FAF152003569D3 /* SessionDetailTagsTableViewCell.swift */; };
		362546C921FC9DCD005ADB0F /* SessionDetailWithIconTableViewCell.swift in Sources */ = {isa = PBXBuildFile; fileRef = 362546C821FC9DCD005ADB0F /* SessionDetailWithIconTableViewCell.swift */; };
		362546CB21FCD4E8005ADB0F /* SessionDetailSectionHeaderView.swift in Sources */ = {isa = PBXBuildFile; fileRef = 362546CA21FCD4E8005ADB0F /* SessionDetailSectionHeaderView.swift */; };
		362546CD21FCD4FF005ADB0F /* SessionDetailSectionFooterView.swift in Sources */ = {isa = PBXBuildFile; fileRef = 362546CC21FCD4FF005ADB0F /* SessionDetailSectionFooterView.swift */; };
		362D90FD21F5DBC2006962C8 /* StartViewController.swift in Sources */ = {isa = PBXBuildFile; fileRef = 362D90FB21F5DBC2006962C8 /* StartViewController.swift */; };
		362D90FE21F5DBC2006962C8 /* StartViewController.storyboard in Resources */ = {isa = PBXBuildFile; fileRef = 362D90FC21F5DBC2006962C8 /* StartViewController.storyboard */; };
		362D910221F5DC2D006962C8 /* SessionsViewController.storyboard in Resources */ = {isa = PBXBuildFile; fileRef = 362D90FF21F5DC2C006962C8 /* SessionsViewController.storyboard */; };
		362D910321F5DC2D006962C8 /* SessionsViewController.swift in Sources */ = {isa = PBXBuildFile; fileRef = 362D910021F5DC2C006962C8 /* SessionsViewController.swift */; };
		362D910421F5DC2D006962C8 /* SessionsViewModel.swift in Sources */ = {isa = PBXBuildFile; fileRef = 362D910121F5DC2C006962C8 /* SessionsViewModel.swift */; };
		363E6AF421FD536A00EBC698 /* TagContent.swift in Sources */ = {isa = PBXBuildFile; fileRef = 363E6AF321FD536A00EBC698 /* TagContent.swift */; };
		363E6AF621FD545B00EBC698 /* Session+Extension.swift in Sources */ = {isa = PBXBuildFile; fileRef = 363E6AF521FD545B00EBC698 /* Session+Extension.swift */; };
		366B060721F751C400C912AD /* TagsLeftAlignedCollectionViewFlowLayout.swift in Sources */ = {isa = PBXBuildFile; fileRef = 366B060621F751C400C912AD /* TagsLeftAlignedCollectionViewFlowLayout.swift */; };
		366B060921F756CB00C912AD /* TagsCollectionViewCell.swift in Sources */ = {isa = PBXBuildFile; fileRef = 366B060821F756CB00C912AD /* TagsCollectionViewCell.swift */; };
		366B060B21F7604500C912AD /* UICollectionView+Extension.swift in Sources */ = {isa = PBXBuildFile; fileRef = 366B060A21F7604400C912AD /* UICollectionView+Extension.swift */; };
		366B060E21F7652D00C912AD /* PaddingLabel.swift in Sources */ = {isa = PBXBuildFile; fileRef = 366B060D21F7652D00C912AD /* PaddingLabel.swift */; };
		3672C2C921F5E08C00ACB910 /* UIColor+Extension.swift in Sources */ = {isa = PBXBuildFile; fileRef = 3672C2C821F5E08C00ACB910 /* UIColor+Extension.swift */; };
		3672C2CB21F601D600ACB910 /* UITableView+Extension.swift in Sources */ = {isa = PBXBuildFile; fileRef = 3672C2CA21F601D600ACB910 /* UITableView+Extension.swift */; };
		3672C2CD21F6024B00ACB910 /* Reusable.swift in Sources */ = {isa = PBXBuildFile; fileRef = 3672C2CC21F6024B00ACB910 /* Reusable.swift */; };
		3672C2D121F6033200ACB910 /* NibLoadable.swift in Sources */ = {isa = PBXBuildFile; fileRef = 3672C2D021F6033200ACB910 /* NibLoadable.swift */; };
		3672C2D321F6FB7E00ACB910 /* SessionDataSource.swift in Sources */ = {isa = PBXBuildFile; fileRef = 3672C2D221F6FB7E00ACB910 /* SessionDataSource.swift */; };
		3672C2D721F707C500ACB910 /* SnapKit.framework in Frameworks */ = {isa = PBXBuildFile; fileRef = 3672C2D621F707C500ACB910 /* SnapKit.framework */; };
		3672C2D921F70AC100ACB910 /* SessionTableViewCell.swift in Sources */ = {isa = PBXBuildFile; fileRef = 3672C2D821F70AC100ACB910 /* SessionTableViewCell.swift */; };
		3672C2DD21F7392900ACB910 /* Kingfisher.framework in Frameworks */ = {isa = PBXBuildFile; fileRef = 3672C2DC21F7392900ACB910 /* Kingfisher.framework */; };
		3672C2DF21F73A9400ACB910 /* SpeakerCell.swift in Sources */ = {isa = PBXBuildFile; fileRef = 3672C2DE21F73A9400ACB910 /* SpeakerCell.swift */; };
		36D1FA2721F5CF6600ADBBDE /* StoryboardInstantiable.swift in Sources */ = {isa = PBXBuildFile; fileRef = 36D1FA2621F5CF6600ADBBDE /* StoryboardInstantiable.swift */; };
		43DC80C12200A0F600A3F710 /* FavoriteRepository.swift in Sources */ = {isa = PBXBuildFile; fileRef = 43DC80C02200A0F600A3F710 /* FavoriteRepository.swift */; };
		43DC80C72201FC8100A3F710 /* UIButton+Extension.swift in Sources */ = {isa = PBXBuildFile; fileRef = 43DC80C62201FC8100A3F710 /* UIButton+Extension.swift */; };
		5917BCA621FA19B8005BEAF2 /* SessionHeaderView.swift in Sources */ = {isa = PBXBuildFile; fileRef = 5917BCA521FA19B8005BEAF2 /* SessionHeaderView.swift */; };
		59D30FC921F8B1BD003A937C /* SessionByStartTime.swift in Sources */ = {isa = PBXBuildFile; fileRef = 59D30FC821F8B1BD003A937C /* SessionByStartTime.swift */; };
		63E7E66D21FF5B750076E6BC /* ioscombined.framework in Frameworks */ = {isa = PBXBuildFile; fileRef = 63E7E66721FF58BD0076E6BC /* ioscombined.framework */; };
		63E7E67021FF78010076E6BC /* ioscombined.framework in Frameworks */ = {isa = PBXBuildFile; fileRef = 63E7E66721FF58BD0076E6BC /* ioscombined.framework */; };
		63E7E67121FF78010076E6BC /* ioscombined.framework in Embed Frameworks */ = {isa = PBXBuildFile; fileRef = 63E7E66721FF58BD0076E6BC /* ioscombined.framework */; settings = {ATTRIBUTES = (CodeSignOnCopy, RemoveHeadersOnCopy, ); }; };
		63F34E1B21EB43CE00B2EC48 /* SessionRepository.swift in Sources */ = {isa = PBXBuildFile; fileRef = 63F34E1A21EB43CE00B2EC48 /* SessionRepository.swift */; };
		7B76F7A821FB45D2008A059B /* KotlinxDeferred+Extension.swift in Sources */ = {isa = PBXBuildFile; fileRef = 7B76F7A721FB45D2008A059B /* KotlinxDeferred+Extension.swift */; };
		B977F3002202030B0048A02E /* FloorMap.storyboard in Resources */ = {isa = PBXBuildFile; fileRef = B977F2FF2202030B0048A02E /* FloorMap.storyboard */; };
		B977F302220203170048A02E /* FloorMapViewController.swift in Sources */ = {isa = PBXBuildFile; fileRef = B977F301220203170048A02E /* FloorMapViewController.swift */; };
		B977F3042202041F0048A02E /* FloorMapContentViewController.swift in Sources */ = {isa = PBXBuildFile; fileRef = B977F3032202041F0048A02E /* FloorMapContentViewController.swift */; };
		B977F306220204550048A02E /* Floor.swift in Sources */ = {isa = PBXBuildFile; fileRef = B977F305220204550048A02E /* Floor.swift */; };
		E9B4925E21ECB6CE000F1072 /* RxCocoa.framework in Frameworks */ = {isa = PBXBuildFile; fileRef = E9B4925C21ECB6CE000F1072 /* RxCocoa.framework */; };
		E9B4925F21ECB6CE000F1072 /* RxSwift.framework in Frameworks */ = {isa = PBXBuildFile; fileRef = E9B4925D21ECB6CE000F1072 /* RxSwift.framework */; };
		E9B4926021ECB782000F1072 /* RxCocoa.framework in Frameworks */ = {isa = PBXBuildFile; fileRef = E9B4925C21ECB6CE000F1072 /* RxCocoa.framework */; };
		E9B4926121ECB782000F1072 /* RxSwift.framework in Frameworks */ = {isa = PBXBuildFile; fileRef = E9B4925D21ECB6CE000F1072 /* RxSwift.framework */; };
		E9B4926421ECB783000F1072 /* RxBlocking.framework in Frameworks */ = {isa = PBXBuildFile; fileRef = E9B4926221ECB783000F1072 /* RxBlocking.framework */; };
		E9B4926521ECB783000F1072 /* RxTest.framework in Frameworks */ = {isa = PBXBuildFile; fileRef = E9B4926321ECB783000F1072 /* RxTest.framework */; };
		EA29C184E696D52971B98638 /* Pods_DroidKaigi_2019UITests.framework in Frameworks */ = {isa = PBXBuildFile; fileRef = D1926B9E9C352CF5C49A9569 /* Pods_DroidKaigi_2019UITests.framework */; };
		F2F52A6E647971788B28A4C4 /* Pods_DroidKaigi_2019Tests.framework in Frameworks */ = {isa = PBXBuildFile; fileRef = E0C273AE5C26B0C5563FFF9A /* Pods_DroidKaigi_2019Tests.framework */; };
/* End PBXBuildFile section */

/* Begin PBXContainerItemProxy section */
		01578ED521E5E75D002B2033 /* PBXContainerItemProxy */ = {
			isa = PBXContainerItemProxy;
			containerPortal = 01578EB521E5E75A002B2033 /* Project object */;
			proxyType = 1;
			remoteGlobalIDString = 01578EBC21E5E75A002B2033;
			remoteInfo = "DroidKaigi 2019";
		};
		01578EE021E5E75D002B2033 /* PBXContainerItemProxy */ = {
			isa = PBXContainerItemProxy;
			containerPortal = 01578EB521E5E75A002B2033 /* Project object */;
			proxyType = 1;
			remoteGlobalIDString = 01578EBC21E5E75A002B2033;
			remoteInfo = "DroidKaigi 2019";
		};
/* End PBXContainerItemProxy section */

/* Begin PBXCopyFilesBuildPhase section */
		63E7E67221FF78020076E6BC /* Embed Frameworks */ = {
			isa = PBXCopyFilesBuildPhase;
			buildActionMask = 2147483647;
			dstPath = "";
			dstSubfolderSpec = 10;
			files = (
				63E7E67121FF78010076E6BC /* ioscombined.framework in Embed Frameworks */,
			);
			name = "Embed Frameworks";
			runOnlyForDeploymentPostprocessing = 0;
		};
/* End PBXCopyFilesBuildPhase section */

/* Begin PBXFileReference section */
		01578EBD21E5E75A002B2033 /* DroidKaigi 2019.app */ = {isa = PBXFileReference; explicitFileType = wrapper.application; includeInIndex = 0; path = "DroidKaigi 2019.app"; sourceTree = BUILT_PRODUCTS_DIR; };
		01578EC021E5E75A002B2033 /* AppDelegate.swift */ = {isa = PBXFileReference; lastKnownFileType = sourcecode.swift; path = AppDelegate.swift; sourceTree = "<group>"; };
		01578ECA21E5E75D002B2033 /* Assets.xcassets */ = {isa = PBXFileReference; lastKnownFileType = folder.assetcatalog; path = Assets.xcassets; sourceTree = "<group>"; };
		01578ECD21E5E75D002B2033 /* Base */ = {isa = PBXFileReference; lastKnownFileType = file.storyboard; name = Base; path = Base.lproj/LaunchScreen.storyboard; sourceTree = "<group>"; };
		01578ECF21E5E75D002B2033 /* Info.plist */ = {isa = PBXFileReference; lastKnownFileType = text.plist.xml; path = Info.plist; sourceTree = "<group>"; };
		01578ED421E5E75D002B2033 /* DroidKaigi 2019Tests.xctest */ = {isa = PBXFileReference; explicitFileType = wrapper.cfbundle; includeInIndex = 0; path = "DroidKaigi 2019Tests.xctest"; sourceTree = BUILT_PRODUCTS_DIR; };
		01578ED821E5E75D002B2033 /* DroidKaigi_2019Tests.swift */ = {isa = PBXFileReference; lastKnownFileType = sourcecode.swift; path = DroidKaigi_2019Tests.swift; sourceTree = "<group>"; };
		01578EDA21E5E75D002B2033 /* Info.plist */ = {isa = PBXFileReference; lastKnownFileType = text.plist.xml; path = Info.plist; sourceTree = "<group>"; };
		01578EDF21E5E75D002B2033 /* DroidKaigi 2019UITests.xctest */ = {isa = PBXFileReference; explicitFileType = wrapper.cfbundle; includeInIndex = 0; path = "DroidKaigi 2019UITests.xctest"; sourceTree = BUILT_PRODUCTS_DIR; };
		01578EE321E5E75D002B2033 /* DroidKaigi_2019UITests.swift */ = {isa = PBXFileReference; lastKnownFileType = sourcecode.swift; path = DroidKaigi_2019UITests.swift; sourceTree = "<group>"; };
		01578EE521E5E75D002B2033 /* Info.plist */ = {isa = PBXFileReference; lastKnownFileType = text.plist.xml; path = Info.plist; sourceTree = "<group>"; };
		01E0C3CF21E9ED450014DA7E /* ioscombined.framework */ = {isa = PBXFileReference; lastKnownFileType = wrapper.framework; name = ioscombined.framework; path = "../ioscombined/build/xcode-frameworks/ioscombined.framework"; sourceTree = "<group>"; };
		2159CC5221FE0E0000DBD016 /* MainViewController.swift */ = {isa = PBXFileReference; lastKnownFileType = sourcecode.swift; path = MainViewController.swift; sourceTree = "<group>"; };
		2159CC5421FE122F00DBD016 /* MainViewController.storyboard */ = {isa = PBXFileReference; fileEncoding = 4; lastKnownFileType = file.storyboard; path = MainViewController.storyboard; sourceTree = "<group>"; };
		2159CC5621FE186800DBD016 /* Day.swift */ = {isa = PBXFileReference; lastKnownFileType = sourcecode.swift; path = Day.swift; sourceTree = "<group>"; };
		218481C421FB7F480048D9D3 /* Settings.bundle */ = {isa = PBXFileReference; lastKnownFileType = "wrapper.plug-in"; path = Settings.bundle; sourceTree = "<group>"; };
		360744F021FADF53003569D3 /* SessionDetailViewController.swift */ = {isa = PBXFileReference; lastKnownFileType = sourcecode.swift; path = SessionDetailViewController.swift; sourceTree = "<group>"; };
		360744F221FAF0CE003569D3 /* SessionDetailHeaderTableViewCell.swift */ = {isa = PBXFileReference; lastKnownFileType = sourcecode.swift; path = SessionDetailHeaderTableViewCell.swift; sourceTree = "<group>"; };
		360744F421FAF13C003569D3 /* SessionDetailTableViewCell.swift */ = {isa = PBXFileReference; lastKnownFileType = sourcecode.swift; path = SessionDetailTableViewCell.swift; sourceTree = "<group>"; };
		360744F621FAF152003569D3 /* SessionDetailTagsTableViewCell.swift */ = {isa = PBXFileReference; lastKnownFileType = sourcecode.swift; path = SessionDetailTagsTableViewCell.swift; sourceTree = "<group>"; };
		362546C821FC9DCD005ADB0F /* SessionDetailWithIconTableViewCell.swift */ = {isa = PBXFileReference; lastKnownFileType = sourcecode.swift; path = SessionDetailWithIconTableViewCell.swift; sourceTree = "<group>"; };
		362546CA21FCD4E8005ADB0F /* SessionDetailSectionHeaderView.swift */ = {isa = PBXFileReference; lastKnownFileType = sourcecode.swift; path = SessionDetailSectionHeaderView.swift; sourceTree = "<group>"; };
		362546CC21FCD4FF005ADB0F /* SessionDetailSectionFooterView.swift */ = {isa = PBXFileReference; lastKnownFileType = sourcecode.swift; path = SessionDetailSectionFooterView.swift; sourceTree = "<group>"; };
		362D90FB21F5DBC2006962C8 /* StartViewController.swift */ = {isa = PBXFileReference; fileEncoding = 4; lastKnownFileType = sourcecode.swift; path = StartViewController.swift; sourceTree = "<group>"; };
		362D90FC21F5DBC2006962C8 /* StartViewController.storyboard */ = {isa = PBXFileReference; fileEncoding = 4; lastKnownFileType = file.storyboard; path = StartViewController.storyboard; sourceTree = "<group>"; };
		362D90FF21F5DC2C006962C8 /* SessionsViewController.storyboard */ = {isa = PBXFileReference; fileEncoding = 4; lastKnownFileType = file.storyboard; path = SessionsViewController.storyboard; sourceTree = "<group>"; };
		362D910021F5DC2C006962C8 /* SessionsViewController.swift */ = {isa = PBXFileReference; fileEncoding = 4; lastKnownFileType = sourcecode.swift; path = SessionsViewController.swift; sourceTree = "<group>"; };
		362D910121F5DC2C006962C8 /* SessionsViewModel.swift */ = {isa = PBXFileReference; fileEncoding = 4; lastKnownFileType = sourcecode.swift; path = SessionsViewModel.swift; sourceTree = "<group>"; };
		363E6AF321FD536A00EBC698 /* TagContent.swift */ = {isa = PBXFileReference; lastKnownFileType = sourcecode.swift; path = TagContent.swift; sourceTree = "<group>"; };
		363E6AF521FD545B00EBC698 /* Session+Extension.swift */ = {isa = PBXFileReference; lastKnownFileType = sourcecode.swift; path = "Session+Extension.swift"; sourceTree = "<group>"; };
		366B060621F751C400C912AD /* TagsLeftAlignedCollectionViewFlowLayout.swift */ = {isa = PBXFileReference; lastKnownFileType = sourcecode.swift; path = TagsLeftAlignedCollectionViewFlowLayout.swift; sourceTree = "<group>"; };
		366B060821F756CB00C912AD /* TagsCollectionViewCell.swift */ = {isa = PBXFileReference; lastKnownFileType = sourcecode.swift; path = TagsCollectionViewCell.swift; sourceTree = "<group>"; };
		366B060A21F7604400C912AD /* UICollectionView+Extension.swift */ = {isa = PBXFileReference; lastKnownFileType = sourcecode.swift; path = "UICollectionView+Extension.swift"; sourceTree = "<group>"; };
		366B060D21F7652D00C912AD /* PaddingLabel.swift */ = {isa = PBXFileReference; lastKnownFileType = sourcecode.swift; path = PaddingLabel.swift; sourceTree = "<group>"; };
		3672C2C821F5E08C00ACB910 /* UIColor+Extension.swift */ = {isa = PBXFileReference; lastKnownFileType = sourcecode.swift; path = "UIColor+Extension.swift"; sourceTree = "<group>"; };
		3672C2CA21F601D600ACB910 /* UITableView+Extension.swift */ = {isa = PBXFileReference; lastKnownFileType = sourcecode.swift; path = "UITableView+Extension.swift"; sourceTree = "<group>"; };
		3672C2CC21F6024B00ACB910 /* Reusable.swift */ = {isa = PBXFileReference; lastKnownFileType = sourcecode.swift; path = Reusable.swift; sourceTree = "<group>"; };
		3672C2D021F6033200ACB910 /* NibLoadable.swift */ = {isa = PBXFileReference; lastKnownFileType = sourcecode.swift; path = NibLoadable.swift; sourceTree = "<group>"; };
		3672C2D221F6FB7E00ACB910 /* SessionDataSource.swift */ = {isa = PBXFileReference; lastKnownFileType = sourcecode.swift; path = SessionDataSource.swift; sourceTree = "<group>"; };
		3672C2D621F707C500ACB910 /* SnapKit.framework */ = {isa = PBXFileReference; lastKnownFileType = wrapper.framework; name = SnapKit.framework; path = Carthage/Build/iOS/SnapKit.framework; sourceTree = "<group>"; };
		3672C2D821F70AC100ACB910 /* SessionTableViewCell.swift */ = {isa = PBXFileReference; lastKnownFileType = sourcecode.swift; path = SessionTableViewCell.swift; sourceTree = "<group>"; };
		3672C2DC21F7392900ACB910 /* Kingfisher.framework */ = {isa = PBXFileReference; lastKnownFileType = wrapper.framework; name = Kingfisher.framework; path = Carthage/Build/iOS/Kingfisher.framework; sourceTree = "<group>"; };
		3672C2DE21F73A9400ACB910 /* SpeakerCell.swift */ = {isa = PBXFileReference; lastKnownFileType = sourcecode.swift; path = SpeakerCell.swift; sourceTree = "<group>"; };
		36D1FA2621F5CF6600ADBBDE /* StoryboardInstantiable.swift */ = {isa = PBXFileReference; lastKnownFileType = sourcecode.swift; path = StoryboardInstantiable.swift; sourceTree = "<group>"; };
		43DC80C02200A0F600A3F710 /* FavoriteRepository.swift */ = {isa = PBXFileReference; lastKnownFileType = sourcecode.swift; path = FavoriteRepository.swift; sourceTree = "<group>"; };
		43DC80C62201FC8100A3F710 /* UIButton+Extension.swift */ = {isa = PBXFileReference; lastKnownFileType = sourcecode.swift; path = "UIButton+Extension.swift"; sourceTree = "<group>"; };
		5917BCA521FA19B8005BEAF2 /* SessionHeaderView.swift */ = {isa = PBXFileReference; lastKnownFileType = sourcecode.swift; path = SessionHeaderView.swift; sourceTree = "<group>"; };
		59D30FC821F8B1BD003A937C /* SessionByStartTime.swift */ = {isa = PBXFileReference; lastKnownFileType = sourcecode.swift; path = SessionByStartTime.swift; sourceTree = "<group>"; };
		63E7E66721FF58BD0076E6BC /* ioscombined.framework */ = {isa = PBXFileReference; lastKnownFileType = wrapper.framework; name = ioscombined.framework; path = "../ioscombined/build/xcode-frameworks/ioscombined.framework"; sourceTree = "<group>"; };
		63F34E1A21EB43CE00B2EC48 /* SessionRepository.swift */ = {isa = PBXFileReference; lastKnownFileType = sourcecode.swift; path = SessionRepository.swift; sourceTree = "<group>"; };
		668449C104FFB0635F949A44 /* Pods-DroidKaigi 2019Tests.debug.xcconfig */ = {isa = PBXFileReference; includeInIndex = 1; lastKnownFileType = text.xcconfig; name = "Pods-DroidKaigi 2019Tests.debug.xcconfig"; path = "Pods/Target Support Files/Pods-DroidKaigi 2019Tests/Pods-DroidKaigi 2019Tests.debug.xcconfig"; sourceTree = "<group>"; };
		724135790B4D380473272A9A /* Pods-DroidKaigi 2019UITests.release.xcconfig */ = {isa = PBXFileReference; includeInIndex = 1; lastKnownFileType = text.xcconfig; name = "Pods-DroidKaigi 2019UITests.release.xcconfig"; path = "Pods/Target Support Files/Pods-DroidKaigi 2019UITests/Pods-DroidKaigi 2019UITests.release.xcconfig"; sourceTree = "<group>"; };
		7B76F7A721FB45D2008A059B /* KotlinxDeferred+Extension.swift */ = {isa = PBXFileReference; fileEncoding = 4; lastKnownFileType = sourcecode.swift; path = "KotlinxDeferred+Extension.swift"; sourceTree = "<group>"; };
		8A9EFD2BFF415746908BCDDF /* Pods-DroidKaigi 2019.release.xcconfig */ = {isa = PBXFileReference; includeInIndex = 1; lastKnownFileType = text.xcconfig; name = "Pods-DroidKaigi 2019.release.xcconfig"; path = "Pods/Target Support Files/Pods-DroidKaigi 2019/Pods-DroidKaigi 2019.release.xcconfig"; sourceTree = "<group>"; };
		93A3E24B47F135429DAD2646 /* Pods_DroidKaigi_2019.framework */ = {isa = PBXFileReference; explicitFileType = wrapper.framework; includeInIndex = 0; path = Pods_DroidKaigi_2019.framework; sourceTree = BUILT_PRODUCTS_DIR; };
		A5169C19DCCF2E51B73E147C /* Pods-DroidKaigi 2019.debug.xcconfig */ = {isa = PBXFileReference; includeInIndex = 1; lastKnownFileType = text.xcconfig; name = "Pods-DroidKaigi 2019.debug.xcconfig"; path = "Pods/Target Support Files/Pods-DroidKaigi 2019/Pods-DroidKaigi 2019.debug.xcconfig"; sourceTree = "<group>"; };
		B977F2FF2202030B0048A02E /* FloorMap.storyboard */ = {isa = PBXFileReference; lastKnownFileType = file.storyboard; path = FloorMap.storyboard; sourceTree = "<group>"; };
		B977F301220203170048A02E /* FloorMapViewController.swift */ = {isa = PBXFileReference; lastKnownFileType = sourcecode.swift; path = FloorMapViewController.swift; sourceTree = "<group>"; };
		B977F3032202041F0048A02E /* FloorMapContentViewController.swift */ = {isa = PBXFileReference; lastKnownFileType = sourcecode.swift; path = FloorMapContentViewController.swift; sourceTree = "<group>"; };
		B977F305220204550048A02E /* Floor.swift */ = {isa = PBXFileReference; lastKnownFileType = sourcecode.swift; path = Floor.swift; sourceTree = "<group>"; };
		D1926B9E9C352CF5C49A9569 /* Pods_DroidKaigi_2019UITests.framework */ = {isa = PBXFileReference; explicitFileType = wrapper.framework; includeInIndex = 0; path = Pods_DroidKaigi_2019UITests.framework; sourceTree = BUILT_PRODUCTS_DIR; };
		D78D4A19C895C1993281143C /* Pods-DroidKaigi 2019Tests.release.xcconfig */ = {isa = PBXFileReference; includeInIndex = 1; lastKnownFileType = text.xcconfig; name = "Pods-DroidKaigi 2019Tests.release.xcconfig"; path = "Pods/Target Support Files/Pods-DroidKaigi 2019Tests/Pods-DroidKaigi 2019Tests.release.xcconfig"; sourceTree = "<group>"; };
		DD3A46465103BA27D8540B18 /* Pods-DroidKaigi 2019UITests.debug.xcconfig */ = {isa = PBXFileReference; includeInIndex = 1; lastKnownFileType = text.xcconfig; name = "Pods-DroidKaigi 2019UITests.debug.xcconfig"; path = "Pods/Target Support Files/Pods-DroidKaigi 2019UITests/Pods-DroidKaigi 2019UITests.debug.xcconfig"; sourceTree = "<group>"; };
		E0C273AE5C26B0C5563FFF9A /* Pods_DroidKaigi_2019Tests.framework */ = {isa = PBXFileReference; explicitFileType = wrapper.framework; includeInIndex = 0; path = Pods_DroidKaigi_2019Tests.framework; sourceTree = BUILT_PRODUCTS_DIR; };
		E9B4925C21ECB6CE000F1072 /* RxCocoa.framework */ = {isa = PBXFileReference; lastKnownFileType = wrapper.framework; name = RxCocoa.framework; path = Carthage/Build/iOS/RxCocoa.framework; sourceTree = "<group>"; };
		E9B4925D21ECB6CE000F1072 /* RxSwift.framework */ = {isa = PBXFileReference; lastKnownFileType = wrapper.framework; name = RxSwift.framework; path = Carthage/Build/iOS/RxSwift.framework; sourceTree = "<group>"; };
		E9B4926221ECB783000F1072 /* RxBlocking.framework */ = {isa = PBXFileReference; lastKnownFileType = wrapper.framework; name = RxBlocking.framework; path = Carthage/Build/iOS/RxBlocking.framework; sourceTree = "<group>"; };
		E9B4926321ECB783000F1072 /* RxTest.framework */ = {isa = PBXFileReference; lastKnownFileType = wrapper.framework; name = RxTest.framework; path = Carthage/Build/iOS/RxTest.framework; sourceTree = "<group>"; };
/* End PBXFileReference section */

/* Begin PBXFrameworksBuildPhase section */
		01578EBA21E5E75A002B2033 /* Frameworks */ = {
			isa = PBXFrameworksBuildPhase;
			buildActionMask = 2147483647;
			files = (
				E9B4925E21ECB6CE000F1072 /* RxCocoa.framework in Frameworks */,
				E9B4925F21ECB6CE000F1072 /* RxSwift.framework in Frameworks */,
				3672C2D721F707C500ACB910 /* SnapKit.framework in Frameworks */,
				63E7E66D21FF5B750076E6BC /* ioscombined.framework in Frameworks */,
				3672C2DD21F7392900ACB910 /* Kingfisher.framework in Frameworks */,
				63E7E67021FF78010076E6BC /* ioscombined.framework in Frameworks */,
				01E0C3D021E9ED450014DA7E /* ioscombined.framework in Frameworks */,
				2CBEBD60F6DCD21A07E2D311 /* Pods_DroidKaigi_2019.framework in Frameworks */,
			);
			runOnlyForDeploymentPostprocessing = 0;
		};
		01578ED121E5E75D002B2033 /* Frameworks */ = {
			isa = PBXFrameworksBuildPhase;
			buildActionMask = 2147483647;
			files = (
				E9B4926421ECB783000F1072 /* RxBlocking.framework in Frameworks */,
				E9B4926521ECB783000F1072 /* RxTest.framework in Frameworks */,
				E9B4926021ECB782000F1072 /* RxCocoa.framework in Frameworks */,
				E9B4926121ECB782000F1072 /* RxSwift.framework in Frameworks */,
				F2F52A6E647971788B28A4C4 /* Pods_DroidKaigi_2019Tests.framework in Frameworks */,
			);
			runOnlyForDeploymentPostprocessing = 0;
		};
		01578EDC21E5E75D002B2033 /* Frameworks */ = {
			isa = PBXFrameworksBuildPhase;
			buildActionMask = 2147483647;
			files = (
				EA29C184E696D52971B98638 /* Pods_DroidKaigi_2019UITests.framework in Frameworks */,
			);
			runOnlyForDeploymentPostprocessing = 0;
		};
/* End PBXFrameworksBuildPhase section */

/* Begin PBXGroup section */
		01578EB421E5E75A002B2033 = {
			isa = PBXGroup;
			children = (
				63E7E66721FF58BD0076E6BC /* ioscombined.framework */,
				01578EBF21E5E75A002B2033 /* DroidKaigi 2019 */,
				01578ED721E5E75D002B2033 /* DroidKaigi 2019Tests */,
				01578EE221E5E75D002B2033 /* DroidKaigi 2019UITests */,
				01578EBE21E5E75A002B2033 /* Products */,
				0161170A21E9A89C009CBB8D /* Frameworks */,
				F443A17E5CE303CD71FFD9D7 /* Pods */,
			);
			sourceTree = "<group>";
		};
		01578EBE21E5E75A002B2033 /* Products */ = {
			isa = PBXGroup;
			children = (
				01578EBD21E5E75A002B2033 /* DroidKaigi 2019.app */,
				01578ED421E5E75D002B2033 /* DroidKaigi 2019Tests.xctest */,
				01578EDF21E5E75D002B2033 /* DroidKaigi 2019UITests.xctest */,
			);
			name = Products;
			sourceTree = "<group>";
		};
		01578EBF21E5E75A002B2033 /* DroidKaigi 2019 */ = {
			isa = PBXGroup;
			children = (
				3672C2C721F5E05500ACB910 /* Extensions */,
				36D1FA2521F5CF3B00ADBBDE /* Protocols */,
				362D90F521F5D50F006962C8 /* data */,
				36D1FA2221F5CD4A00ADBBDE /* Scenes */,
				01578ECA21E5E75D002B2033 /* Assets.xcassets */,
				01578ECC21E5E75D002B2033 /* LaunchScreen.storyboard */,
				01578EC021E5E75A002B2033 /* AppDelegate.swift */,
				01578ECF21E5E75D002B2033 /* Info.plist */,
				218481C421FB7F480048D9D3 /* Settings.bundle */,
			);
			path = "DroidKaigi 2019";
			sourceTree = "<group>";
		};
		01578ED721E5E75D002B2033 /* DroidKaigi 2019Tests */ = {
			isa = PBXGroup;
			children = (
				01578ED821E5E75D002B2033 /* DroidKaigi_2019Tests.swift */,
				01578EDA21E5E75D002B2033 /* Info.plist */,
			);
			path = "DroidKaigi 2019Tests";
			sourceTree = "<group>";
		};
		01578EE221E5E75D002B2033 /* DroidKaigi 2019UITests */ = {
			isa = PBXGroup;
			children = (
				01578EE321E5E75D002B2033 /* DroidKaigi_2019UITests.swift */,
				01578EE521E5E75D002B2033 /* Info.plist */,
			);
			path = "DroidKaigi 2019UITests";
			sourceTree = "<group>";
		};
		0161170A21E9A89C009CBB8D /* Frameworks */ = {
			isa = PBXGroup;
			children = (
				3672C2DC21F7392900ACB910 /* Kingfisher.framework */,
				3672C2D621F707C500ACB910 /* SnapKit.framework */,
				E9B4926221ECB783000F1072 /* RxBlocking.framework */,
				E9B4926321ECB783000F1072 /* RxTest.framework */,
				E9B4925C21ECB6CE000F1072 /* RxCocoa.framework */,
				E9B4925D21ECB6CE000F1072 /* RxSwift.framework */,
				01E0C3CF21E9ED450014DA7E /* ioscombined.framework */,
				93A3E24B47F135429DAD2646 /* Pods_DroidKaigi_2019.framework */,
				E0C273AE5C26B0C5563FFF9A /* Pods_DroidKaigi_2019Tests.framework */,
				D1926B9E9C352CF5C49A9569 /* Pods_DroidKaigi_2019UITests.framework */,
			);
			name = Frameworks;
			sourceTree = "<group>";
		};
		360744EF21FADF22003569D3 /* Detail */ = {
			isa = PBXGroup;
			children = (
				360744F021FADF53003569D3 /* SessionDetailViewController.swift */,
				360744F221FAF0CE003569D3 /* SessionDetailHeaderTableViewCell.swift */,
				360744F421FAF13C003569D3 /* SessionDetailTableViewCell.swift */,
				362546C821FC9DCD005ADB0F /* SessionDetailWithIconTableViewCell.swift */,
				360744F621FAF152003569D3 /* SessionDetailTagsTableViewCell.swift */,
				362546CA21FCD4E8005ADB0F /* SessionDetailSectionHeaderView.swift */,
				362546CC21FCD4FF005ADB0F /* SessionDetailSectionFooterView.swift */,
			);
			path = Detail;
			sourceTree = "<group>";
		};
		362D90F521F5D50F006962C8 /* data */ = {
			isa = PBXGroup;
			children = (
				2159CC5621FE186800DBD016 /* Day.swift */,
				43DC80C02200A0F600A3F710 /* FavoriteRepository.swift */,
				59D30FC821F8B1BD003A937C /* SessionByStartTime.swift */,
				63F34E1A21EB43CE00B2EC48 /* SessionRepository.swift */,
				363E6AF321FD536A00EBC698 /* TagContent.swift */,
				B977F305220204550048A02E /* Floor.swift */,
			);
			path = data;
			sourceTree = "<group>";
		};
		362D90F621F5D521006962C8 /* Session */ = {
			isa = PBXGroup;
			children = (
				362D90FF21F5DC2C006962C8 /* SessionsViewController.storyboard */,
				362D910021F5DC2C006962C8 /* SessionsViewController.swift */,
				362D910121F5DC2C006962C8 /* SessionsViewModel.swift */,
				3672C2D221F6FB7E00ACB910 /* SessionDataSource.swift */,
				3672C2D821F70AC100ACB910 /* SessionTableViewCell.swift */,
				3672C2DE21F73A9400ACB910 /* SpeakerCell.swift */,
				366B060621F751C400C912AD /* TagsLeftAlignedCollectionViewFlowLayout.swift */,
				366B060821F756CB00C912AD /* TagsCollectionViewCell.swift */,
				5917BCA521FA19B8005BEAF2 /* SessionHeaderView.swift */,
			);
			path = Session;
			sourceTree = "<group>";
		};
		366B060C21F7650D00C912AD /* Common */ = {
			isa = PBXGroup;
			children = (
				366B060D21F7652D00C912AD /* PaddingLabel.swift */,
			);
			path = Common;
			sourceTree = "<group>";
		};
		3672C2C721F5E05500ACB910 /* Extensions */ = {
			isa = PBXGroup;
			children = (
				7B76F7A721FB45D2008A059B /* KotlinxDeferred+Extension.swift */,
				3672C2C821F5E08C00ACB910 /* UIColor+Extension.swift */,
				3672C2CA21F601D600ACB910 /* UITableView+Extension.swift */,
				366B060A21F7604400C912AD /* UICollectionView+Extension.swift */,
				363E6AF521FD545B00EBC698 /* Session+Extension.swift */,
				43DC80C62201FC8100A3F710 /* UIButton+Extension.swift */,
			);
			path = Extensions;
			sourceTree = "<group>";
		};
		36D1FA2221F5CD4A00ADBBDE /* Scenes */ = {
			isa = PBXGroup;
			children = (
				2159CC5421FE122F00DBD016 /* MainViewController.storyboard */,
				2159CC5221FE0E0000DBD016 /* MainViewController.swift */,
				362D90FC21F5DBC2006962C8 /* StartViewController.storyboard */,
				362D90FB21F5DBC2006962C8 /* StartViewController.swift */,
				366B060C21F7650D00C912AD /* Common */,
				362D90F621F5D521006962C8 /* Session */,
				360744EF21FADF22003569D3 /* Detail */,
				B977F2FE220202F90048A02E /* FloorMap */,
			);
			path = Scenes;
			sourceTree = "<group>";
		};
		36D1FA2521F5CF3B00ADBBDE /* Protocols */ = {
			isa = PBXGroup;
			children = (
				36D1FA2621F5CF6600ADBBDE /* StoryboardInstantiable.swift */,
				3672C2CC21F6024B00ACB910 /* Reusable.swift */,
				3672C2D021F6033200ACB910 /* NibLoadable.swift */,
			);
			path = Protocols;
			sourceTree = "<group>";
		};
		B977F2FE220202F90048A02E /* FloorMap */ = {
			isa = PBXGroup;
			children = (
				B977F2FF2202030B0048A02E /* FloorMap.storyboard */,
				B977F301220203170048A02E /* FloorMapViewController.swift */,
				B977F3032202041F0048A02E /* FloorMapContentViewController.swift */,
			);
			path = FloorMap;
			sourceTree = "<group>";
		};
		F443A17E5CE303CD71FFD9D7 /* Pods */ = {
			isa = PBXGroup;
			children = (
				A5169C19DCCF2E51B73E147C /* Pods-DroidKaigi 2019.debug.xcconfig */,
				8A9EFD2BFF415746908BCDDF /* Pods-DroidKaigi 2019.release.xcconfig */,
				668449C104FFB0635F949A44 /* Pods-DroidKaigi 2019Tests.debug.xcconfig */,
				D78D4A19C895C1993281143C /* Pods-DroidKaigi 2019Tests.release.xcconfig */,
				DD3A46465103BA27D8540B18 /* Pods-DroidKaigi 2019UITests.debug.xcconfig */,
				724135790B4D380473272A9A /* Pods-DroidKaigi 2019UITests.release.xcconfig */,
			);
			name = Pods;
			sourceTree = "<group>";
		};
/* End PBXGroup section */

/* Begin PBXNativeTarget section */
		01578EBC21E5E75A002B2033 /* DroidKaigi 2019 */ = {
			isa = PBXNativeTarget;
			buildConfigurationList = 01578EE821E5E75D002B2033 /* Build configuration list for PBXNativeTarget "DroidKaigi 2019" */;
			buildPhases = (
				D981C1B39FBCB91600433AFD /* [CP] Check Pods Manifest.lock */,
				0161170D21E9A95A009CBB8D /* Build Kotlin Modules */,
				01578EB921E5E75A002B2033 /* Sources */,
				01578EBA21E5E75A002B2033 /* Frameworks */,
				E9B4925B21ECB696000F1072 /* Carthage Copy Frameworks */,
				01578EBB21E5E75A002B2033 /* Resources */,
				361EF11099051CF5E1A29049 /* [CP] Embed Pods Frameworks */,
				435E83A821FA250500209995 /* ShellScript */,
				21071A4521FB74AE004FBA38 /* Generate License Plist */,
				63E7E67221FF78020076E6BC /* Embed Frameworks */,
			);
			buildRules = (
			);
			dependencies = (
			);
			name = "DroidKaigi 2019";
			productName = "DroidKaigi 2019";
			productReference = 01578EBD21E5E75A002B2033 /* DroidKaigi 2019.app */;
			productType = "com.apple.product-type.application";
		};
		01578ED321E5E75D002B2033 /* DroidKaigi 2019Tests */ = {
			isa = PBXNativeTarget;
			buildConfigurationList = 01578EEB21E5E75D002B2033 /* Build configuration list for PBXNativeTarget "DroidKaigi 2019Tests" */;
			buildPhases = (
				BAF164195EA80D251D34EE96 /* [CP] Check Pods Manifest.lock */,
				01578ED021E5E75D002B2033 /* Sources */,
				01578ED121E5E75D002B2033 /* Frameworks */,
				E9B4926621ECB790000F1072 /* Carthage Copy Frameworks */,
				01578ED221E5E75D002B2033 /* Resources */,
			);
			buildRules = (
			);
			dependencies = (
				01578ED621E5E75D002B2033 /* PBXTargetDependency */,
			);
			name = "DroidKaigi 2019Tests";
			productName = "DroidKaigi 2019Tests";
			productReference = 01578ED421E5E75D002B2033 /* DroidKaigi 2019Tests.xctest */;
			productType = "com.apple.product-type.bundle.unit-test";
		};
		01578EDE21E5E75D002B2033 /* DroidKaigi 2019UITests */ = {
			isa = PBXNativeTarget;
			buildConfigurationList = 01578EEE21E5E75D002B2033 /* Build configuration list for PBXNativeTarget "DroidKaigi 2019UITests" */;
			buildPhases = (
				D2F618B37B9CEDE31A4ADBBF /* [CP] Check Pods Manifest.lock */,
				01578EDB21E5E75D002B2033 /* Sources */,
				01578EDC21E5E75D002B2033 /* Frameworks */,
				01578EDD21E5E75D002B2033 /* Resources */,
			);
			buildRules = (
			);
			dependencies = (
				01578EE121E5E75D002B2033 /* PBXTargetDependency */,
			);
			name = "DroidKaigi 2019UITests";
			productName = "DroidKaigi 2019UITests";
			productReference = 01578EDF21E5E75D002B2033 /* DroidKaigi 2019UITests.xctest */;
			productType = "com.apple.product-type.bundle.ui-testing";
		};
/* End PBXNativeTarget section */

/* Begin PBXProject section */
		01578EB521E5E75A002B2033 /* Project object */ = {
			isa = PBXProject;
			attributes = {
				LastSwiftUpdateCheck = 1000;
				LastUpgradeCheck = 1000;
				TargetAttributes = {
					01578EBC21E5E75A002B2033 = {
						CreatedOnToolsVersion = 10.0;
					};
					01578ED321E5E75D002B2033 = {
						CreatedOnToolsVersion = 10.0;
						TestTargetID = 01578EBC21E5E75A002B2033;
					};
					01578EDE21E5E75D002B2033 = {
						CreatedOnToolsVersion = 10.0;
						TestTargetID = 01578EBC21E5E75A002B2033;
					};
				};
			};
			buildConfigurationList = 01578EB821E5E75A002B2033 /* Build configuration list for PBXProject "DroidKaigi 2019" */;
			compatibilityVersion = "Xcode 9.3";
			developmentRegion = en;
			hasScannedForEncodings = 0;
			knownRegions = (
				en,
				Base,
			);
			mainGroup = 01578EB421E5E75A002B2033;
			productRefGroup = 01578EBE21E5E75A002B2033 /* Products */;
			projectDirPath = "";
			projectRoot = "";
			targets = (
				01578EBC21E5E75A002B2033 /* DroidKaigi 2019 */,
				01578ED321E5E75D002B2033 /* DroidKaigi 2019Tests */,
				01578EDE21E5E75D002B2033 /* DroidKaigi 2019UITests */,
			);
		};
/* End PBXProject section */

/* Begin PBXResourcesBuildPhase section */
		01578EBB21E5E75A002B2033 /* Resources */ = {
			isa = PBXResourcesBuildPhase;
			buildActionMask = 2147483647;
			files = (
				01578ECE21E5E75D002B2033 /* LaunchScreen.storyboard in Resources */,
				B977F3002202030B0048A02E /* FloorMap.storyboard in Resources */,
				01578ECB21E5E75D002B2033 /* Assets.xcassets in Resources */,
				218481C521FB7F480048D9D3 /* Settings.bundle in Resources */,
				362D910221F5DC2D006962C8 /* SessionsViewController.storyboard in Resources */,
				2159CC5521FE122F00DBD016 /* MainViewController.storyboard in Resources */,
				362D90FE21F5DBC2006962C8 /* StartViewController.storyboard in Resources */,
			);
			runOnlyForDeploymentPostprocessing = 0;
		};
		01578ED221E5E75D002B2033 /* Resources */ = {
			isa = PBXResourcesBuildPhase;
			buildActionMask = 2147483647;
			files = (
			);
			runOnlyForDeploymentPostprocessing = 0;
		};
		01578EDD21E5E75D002B2033 /* Resources */ = {
			isa = PBXResourcesBuildPhase;
			buildActionMask = 2147483647;
			files = (
			);
			runOnlyForDeploymentPostprocessing = 0;
		};
/* End PBXResourcesBuildPhase section */

/* Begin PBXShellScriptBuildPhase section */
		0161170D21E9A95A009CBB8D /* Build Kotlin Modules */ = {
			isa = PBXShellScriptBuildPhase;
			buildActionMask = 2147483647;
			files = (
			);
			inputFileListPaths = (
			);
			inputPaths = (
			);
			name = "Build Kotlin Modules";
			outputFileListPaths = (
			);
			outputPaths = (
			);
			runOnlyForDeploymentPostprocessing = 0;
			shellPath = /bin/sh;
			shellScript = "cd \"$SRCROOT/../..\"\n./gradlew \":frontend:ioscombined:packForXCode\" -PXCODE_CONFIGURATION=${CONFIGURATION}\n";
		};
		21071A4521FB74AE004FBA38 /* Generate License Plist */ = {
			isa = PBXShellScriptBuildPhase;
			buildActionMask = 2147483647;
			files = (
			);
			inputFileListPaths = (
			);
			inputPaths = (
			);
			name = "Generate License Plist";
			outputFileListPaths = (
			);
			outputPaths = (
			);
			runOnlyForDeploymentPostprocessing = 0;
			shellPath = /bin/sh;
			shellScript = "if [ $CONFIGURATION = \"Debug\" ]; then\n${PODS_ROOT}/LicensePlist/license-plist --output-path \"$PRODUCT_NAME/Settings.bundle\"\nfi\n";
		};
		361EF11099051CF5E1A29049 /* [CP] Embed Pods Frameworks */ = {
			isa = PBXShellScriptBuildPhase;
			buildActionMask = 2147483647;
			files = (
			);
			inputFileListPaths = (
			);
			inputPaths = (
				"${SRCROOT}/Pods/Target Support Files/Pods-DroidKaigi 2019/Pods-DroidKaigi 2019-frameworks.sh",
				"${BUILT_PRODUCTS_DIR}/MDFInternationalization/MDFInternationalization.framework",
				"${BUILT_PRODUCTS_DIR}/MDFTextAccessibility/MDFTextAccessibility.framework",
				"${BUILT_PRODUCTS_DIR}/MaterialComponents/MaterialComponents.framework",
				"${BUILT_PRODUCTS_DIR}/XLPagerTabStrip/XLPagerTabStrip.framework",
			);
			name = "[CP] Embed Pods Frameworks";
			outputFileListPaths = (
			);
			outputPaths = (
				"${TARGET_BUILD_DIR}/${FRAMEWORKS_FOLDER_PATH}/MDFInternationalization.framework",
				"${TARGET_BUILD_DIR}/${FRAMEWORKS_FOLDER_PATH}/MDFTextAccessibility.framework",
				"${TARGET_BUILD_DIR}/${FRAMEWORKS_FOLDER_PATH}/MaterialComponents.framework",
				"${TARGET_BUILD_DIR}/${FRAMEWORKS_FOLDER_PATH}/XLPagerTabStrip.framework",
			);
			runOnlyForDeploymentPostprocessing = 0;
			shellPath = /bin/sh;
			shellScript = "\"${SRCROOT}/Pods/Target Support Files/Pods-DroidKaigi 2019/Pods-DroidKaigi 2019-frameworks.sh\"\n";
			showEnvVarsInLog = 0;
		};
		435E83A821FA250500209995 /* ShellScript */ = {
			isa = PBXShellScriptBuildPhase;
			buildActionMask = 2147483647;
			files = (
			);
			inputFileListPaths = (
			);
			inputPaths = (
			);
			outputFileListPaths = (
			);
			outputPaths = (
			);
			runOnlyForDeploymentPostprocessing = 0;
			shellPath = /bin/sh;
			shellScript = "if which \"${PODS_ROOT}/SwiftLint/swiftlint\" >/dev/null; then\n  \"${PODS_ROOT}/SwiftLint/swiftlint\"\nelse\n  echo \"warning: SwiftLint not installed, run `pod install`\"\nfi\n";
		};
		BAF164195EA80D251D34EE96 /* [CP] Check Pods Manifest.lock */ = {
			isa = PBXShellScriptBuildPhase;
			buildActionMask = 2147483647;
			files = (
			);
			inputFileListPaths = (
			);
			inputPaths = (
				"${PODS_PODFILE_DIR_PATH}/Podfile.lock",
				"${PODS_ROOT}/Manifest.lock",
			);
			name = "[CP] Check Pods Manifest.lock";
			outputFileListPaths = (
			);
			outputPaths = (
				"$(DERIVED_FILE_DIR)/Pods-DroidKaigi 2019Tests-checkManifestLockResult.txt",
			);
			runOnlyForDeploymentPostprocessing = 0;
			shellPath = /bin/sh;
			shellScript = "diff \"${PODS_PODFILE_DIR_PATH}/Podfile.lock\" \"${PODS_ROOT}/Manifest.lock\" > /dev/null\nif [ $? != 0 ] ; then\n    # print error to STDERR\n    echo \"error: The sandbox is not in sync with the Podfile.lock. Run 'pod install' or update your CocoaPods installation.\" >&2\n    exit 1\nfi\n# This output is used by Xcode 'outputs' to avoid re-running this script phase.\necho \"SUCCESS\" > \"${SCRIPT_OUTPUT_FILE_0}\"\n";
			showEnvVarsInLog = 0;
		};
		D2F618B37B9CEDE31A4ADBBF /* [CP] Check Pods Manifest.lock */ = {
			isa = PBXShellScriptBuildPhase;
			buildActionMask = 2147483647;
			files = (
			);
			inputFileListPaths = (
			);
			inputPaths = (
				"${PODS_PODFILE_DIR_PATH}/Podfile.lock",
				"${PODS_ROOT}/Manifest.lock",
			);
			name = "[CP] Check Pods Manifest.lock";
			outputFileListPaths = (
			);
			outputPaths = (
				"$(DERIVED_FILE_DIR)/Pods-DroidKaigi 2019UITests-checkManifestLockResult.txt",
			);
			runOnlyForDeploymentPostprocessing = 0;
			shellPath = /bin/sh;
			shellScript = "diff \"${PODS_PODFILE_DIR_PATH}/Podfile.lock\" \"${PODS_ROOT}/Manifest.lock\" > /dev/null\nif [ $? != 0 ] ; then\n    # print error to STDERR\n    echo \"error: The sandbox is not in sync with the Podfile.lock. Run 'pod install' or update your CocoaPods installation.\" >&2\n    exit 1\nfi\n# This output is used by Xcode 'outputs' to avoid re-running this script phase.\necho \"SUCCESS\" > \"${SCRIPT_OUTPUT_FILE_0}\"\n";
			showEnvVarsInLog = 0;
		};
		D981C1B39FBCB91600433AFD /* [CP] Check Pods Manifest.lock */ = {
			isa = PBXShellScriptBuildPhase;
			buildActionMask = 2147483647;
			files = (
			);
			inputFileListPaths = (
			);
			inputPaths = (
				"${PODS_PODFILE_DIR_PATH}/Podfile.lock",
				"${PODS_ROOT}/Manifest.lock",
			);
			name = "[CP] Check Pods Manifest.lock";
			outputFileListPaths = (
			);
			outputPaths = (
				"$(DERIVED_FILE_DIR)/Pods-DroidKaigi 2019-checkManifestLockResult.txt",
			);
			runOnlyForDeploymentPostprocessing = 0;
			shellPath = /bin/sh;
			shellScript = "diff \"${PODS_PODFILE_DIR_PATH}/Podfile.lock\" \"${PODS_ROOT}/Manifest.lock\" > /dev/null\nif [ $? != 0 ] ; then\n    # print error to STDERR\n    echo \"error: The sandbox is not in sync with the Podfile.lock. Run 'pod install' or update your CocoaPods installation.\" >&2\n    exit 1\nfi\n# This output is used by Xcode 'outputs' to avoid re-running this script phase.\necho \"SUCCESS\" > \"${SCRIPT_OUTPUT_FILE_0}\"\n";
			showEnvVarsInLog = 0;
		};
		E9B4925B21ECB696000F1072 /* Carthage Copy Frameworks */ = {
			isa = PBXShellScriptBuildPhase;
			buildActionMask = 2147483647;
			files = (
			);
			inputFileListPaths = (
				"$(SRCROOT)/Carthage/InputFiles.xcfilelist",
			);
			inputPaths = (
			);
			name = "Carthage Copy Frameworks";
			outputFileListPaths = (
				"$(SRCROOT)/Carthage/OutputFiles.xcfilelist",
			);
			outputPaths = (
			);
			runOnlyForDeploymentPostprocessing = 0;
			shellPath = /bin/sh;
			shellScript = "/usr/local/bin/carthage copy-frameworks\n";
		};
		E9B4926621ECB790000F1072 /* Carthage Copy Frameworks */ = {
			isa = PBXShellScriptBuildPhase;
			buildActionMask = 2147483647;
			files = (
			);
			inputFileListPaths = (
			);
			inputPaths = (
				"$(SRCROOT)/Carthage/Build/iOS/RxSwift.framework",
				"$(SRCROOT)/Carthage/Build/iOS/RxCocoa.framework",
				"$(SRCROOT)/Carthage/Build/iOS/RxBlocking.framework",
				"$(SRCROOT)/Carthage/Build/iOS/RxTest.framework",
			);
			name = "Carthage Copy Frameworks";
			outputFileListPaths = (
			);
			outputPaths = (
				"$(BUILT_PRODUCTS_DIR)/$(FRAMEWORKS_FOLDER_PATH)/RxSwift.framework",
				"$(BUILT_PRODUCTS_DIR)/$(FRAMEWORKS_FOLDER_PATH)/RxCocoa.framework",
				"$(BUILT_PRODUCTS_DIR)/$(FRAMEWORKS_FOLDER_PATH)/RxBlocking.framework",
				"$(BUILT_PRODUCTS_DIR)/$(FRAMEWORKS_FOLDER_PATH)/RxTest.framework",
			);
			runOnlyForDeploymentPostprocessing = 0;
			shellPath = /bin/sh;
			shellScript = "/usr/local/bin/carthage copy-frameworks\n";
		};
/* End PBXShellScriptBuildPhase section */

/* Begin PBXSourcesBuildPhase section */
		01578EB921E5E75A002B2033 /* Sources */ = {
			isa = PBXSourcesBuildPhase;
			buildActionMask = 2147483647;
			files = (
				366B060B21F7604500C912AD /* UICollectionView+Extension.swift in Sources */,
				3672C2D921F70AC100ACB910 /* SessionTableViewCell.swift in Sources */,
				363E6AF621FD545B00EBC698 /* Session+Extension.swift in Sources */,
				366B060921F756CB00C912AD /* TagsCollectionViewCell.swift in Sources */,
				3672C2C921F5E08C00ACB910 /* UIColor+Extension.swift in Sources */,
				3672C2DF21F73A9400ACB910 /* SpeakerCell.swift in Sources */,
				360744F721FAF152003569D3 /* SessionDetailTagsTableViewCell.swift in Sources */,
				363E6AF421FD536A00EBC698 /* TagContent.swift in Sources */,
				2159CC5721FE186800DBD016 /* Day.swift in Sources */,
				362D910321F5DC2D006962C8 /* SessionsViewController.swift in Sources */,
				2159CC5321FE0E0000DBD016 /* MainViewController.swift in Sources */,
				63F34E1B21EB43CE00B2EC48 /* SessionRepository.swift in Sources */,
				59D30FC921F8B1BD003A937C /* SessionByStartTime.swift in Sources */,
				362546CD21FCD4FF005ADB0F /* SessionDetailSectionFooterView.swift in Sources */,
				43DC80C72201FC8100A3F710 /* UIButton+Extension.swift in Sources */,
				3672C2D321F6FB7E00ACB910 /* SessionDataSource.swift in Sources */,
				362546C921FC9DCD005ADB0F /* SessionDetailWithIconTableViewCell.swift in Sources */,
				366B060721F751C400C912AD /* TagsLeftAlignedCollectionViewFlowLayout.swift in Sources */,
				3672C2D121F6033200ACB910 /* NibLoadable.swift in Sources */,
				3672C2CD21F6024B00ACB910 /* Reusable.swift in Sources */,
				43DC80C12200A0F600A3F710 /* FavoriteRepository.swift in Sources */,
				B977F3042202041F0048A02E /* FloorMapContentViewController.swift in Sources */,
				B977F306220204550048A02E /* Floor.swift in Sources */,
				366B060E21F7652D00C912AD /* PaddingLabel.swift in Sources */,
				5917BCA621FA19B8005BEAF2 /* SessionHeaderView.swift in Sources */,
				36D1FA2721F5CF6600ADBBDE /* StoryboardInstantiable.swift in Sources */,
				B977F302220203170048A02E /* FloorMapViewController.swift in Sources */,
				01578EC121E5E75A002B2033 /* AppDelegate.swift in Sources */,
				7B76F7A821FB45D2008A059B /* KotlinxDeferred+Extension.swift in Sources */,
				362D90FD21F5DBC2006962C8 /* StartViewController.swift in Sources */,
				362546CB21FCD4E8005ADB0F /* SessionDetailSectionHeaderView.swift in Sources */,
				360744F321FAF0CE003569D3 /* SessionDetailHeaderTableViewCell.swift in Sources */,
				360744F521FAF13C003569D3 /* SessionDetailTableViewCell.swift in Sources */,
				362D910421F5DC2D006962C8 /* SessionsViewModel.swift in Sources */,
				360744F121FADF53003569D3 /* SessionDetailViewController.swift in Sources */,
				3672C2CB21F601D600ACB910 /* UITableView+Extension.swift in Sources */,
			);
			runOnlyForDeploymentPostprocessing = 0;
		};
		01578ED021E5E75D002B2033 /* Sources */ = {
			isa = PBXSourcesBuildPhase;
			buildActionMask = 2147483647;
			files = (
				01578ED921E5E75D002B2033 /* DroidKaigi_2019Tests.swift in Sources */,
			);
			runOnlyForDeploymentPostprocessing = 0;
		};
		01578EDB21E5E75D002B2033 /* Sources */ = {
			isa = PBXSourcesBuildPhase;
			buildActionMask = 2147483647;
			files = (
				01578EE421E5E75D002B2033 /* DroidKaigi_2019UITests.swift in Sources */,
			);
			runOnlyForDeploymentPostprocessing = 0;
		};
/* End PBXSourcesBuildPhase section */

/* Begin PBXTargetDependency section */
		01578ED621E5E75D002B2033 /* PBXTargetDependency */ = {
			isa = PBXTargetDependency;
			target = 01578EBC21E5E75A002B2033 /* DroidKaigi 2019 */;
			targetProxy = 01578ED521E5E75D002B2033 /* PBXContainerItemProxy */;
		};
		01578EE121E5E75D002B2033 /* PBXTargetDependency */ = {
			isa = PBXTargetDependency;
			target = 01578EBC21E5E75A002B2033 /* DroidKaigi 2019 */;
			targetProxy = 01578EE021E5E75D002B2033 /* PBXContainerItemProxy */;
		};
/* End PBXTargetDependency section */

/* Begin PBXVariantGroup section */
		01578ECC21E5E75D002B2033 /* LaunchScreen.storyboard */ = {
			isa = PBXVariantGroup;
			children = (
				01578ECD21E5E75D002B2033 /* Base */,
			);
			name = LaunchScreen.storyboard;
			sourceTree = "<group>";
		};
/* End PBXVariantGroup section */

/* Begin XCBuildConfiguration section */
		01578EE621E5E75D002B2033 /* Debug */ = {
			isa = XCBuildConfiguration;
			buildSettings = {
				ALWAYS_SEARCH_USER_PATHS = NO;
				CLANG_ANALYZER_NONNULL = YES;
				CLANG_ANALYZER_NUMBER_OBJECT_CONVERSION = YES_AGGRESSIVE;
				CLANG_CXX_LANGUAGE_STANDARD = "gnu++14";
				CLANG_CXX_LIBRARY = "libc++";
				CLANG_ENABLE_MODULES = YES;
				CLANG_ENABLE_OBJC_ARC = YES;
				CLANG_ENABLE_OBJC_WEAK = YES;
				CLANG_WARN_BLOCK_CAPTURE_AUTORELEASING = YES;
				CLANG_WARN_BOOL_CONVERSION = YES;
				CLANG_WARN_COMMA = YES;
				CLANG_WARN_CONSTANT_CONVERSION = YES;
				CLANG_WARN_DEPRECATED_OBJC_IMPLEMENTATIONS = YES;
				CLANG_WARN_DIRECT_OBJC_ISA_USAGE = YES_ERROR;
				CLANG_WARN_DOCUMENTATION_COMMENTS = YES;
				CLANG_WARN_EMPTY_BODY = YES;
				CLANG_WARN_ENUM_CONVERSION = YES;
				CLANG_WARN_INFINITE_RECURSION = YES;
				CLANG_WARN_INT_CONVERSION = YES;
				CLANG_WARN_NON_LITERAL_NULL_CONVERSION = YES;
				CLANG_WARN_OBJC_IMPLICIT_RETAIN_SELF = YES;
				CLANG_WARN_OBJC_LITERAL_CONVERSION = YES;
				CLANG_WARN_OBJC_ROOT_CLASS = YES_ERROR;
				CLANG_WARN_RANGE_LOOP_ANALYSIS = YES;
				CLANG_WARN_STRICT_PROTOTYPES = YES;
				CLANG_WARN_SUSPICIOUS_MOVE = YES;
				CLANG_WARN_UNGUARDED_AVAILABILITY = YES_AGGRESSIVE;
				CLANG_WARN_UNREACHABLE_CODE = YES;
				CLANG_WARN__DUPLICATE_METHOD_MATCH = YES;
				CODE_SIGN_IDENTITY = "iPhone Developer";
				COPY_PHASE_STRIP = NO;
				DEBUG_INFORMATION_FORMAT = dwarf;
				ENABLE_STRICT_OBJC_MSGSEND = YES;
				ENABLE_TESTABILITY = YES;
				GCC_C_LANGUAGE_STANDARD = gnu11;
				GCC_DYNAMIC_NO_PIC = NO;
				GCC_NO_COMMON_BLOCKS = YES;
				GCC_OPTIMIZATION_LEVEL = 0;
				GCC_PREPROCESSOR_DEFINITIONS = (
					"DEBUG=1",
					"$(inherited)",
				);
				GCC_WARN_64_TO_32_BIT_CONVERSION = YES;
				GCC_WARN_ABOUT_RETURN_TYPE = YES_ERROR;
				GCC_WARN_UNDECLARED_SELECTOR = YES;
				GCC_WARN_UNINITIALIZED_AUTOS = YES_AGGRESSIVE;
				GCC_WARN_UNUSED_FUNCTION = YES;
				GCC_WARN_UNUSED_VARIABLE = YES;
				IPHONEOS_DEPLOYMENT_TARGET = 10.0;
				MTL_ENABLE_DEBUG_INFO = INCLUDE_SOURCE;
				MTL_FAST_MATH = YES;
				ONLY_ACTIVE_ARCH = YES;
				SDKROOT = iphoneos;
				SWIFT_ACTIVE_COMPILATION_CONDITIONS = DEBUG;
				SWIFT_OPTIMIZATION_LEVEL = "-Onone";
			};
			name = Debug;
		};
		01578EE721E5E75D002B2033 /* Release */ = {
			isa = XCBuildConfiguration;
			buildSettings = {
				ALWAYS_SEARCH_USER_PATHS = NO;
				CLANG_ANALYZER_NONNULL = YES;
				CLANG_ANALYZER_NUMBER_OBJECT_CONVERSION = YES_AGGRESSIVE;
				CLANG_CXX_LANGUAGE_STANDARD = "gnu++14";
				CLANG_CXX_LIBRARY = "libc++";
				CLANG_ENABLE_MODULES = YES;
				CLANG_ENABLE_OBJC_ARC = YES;
				CLANG_ENABLE_OBJC_WEAK = YES;
				CLANG_WARN_BLOCK_CAPTURE_AUTORELEASING = YES;
				CLANG_WARN_BOOL_CONVERSION = YES;
				CLANG_WARN_COMMA = YES;
				CLANG_WARN_CONSTANT_CONVERSION = YES;
				CLANG_WARN_DEPRECATED_OBJC_IMPLEMENTATIONS = YES;
				CLANG_WARN_DIRECT_OBJC_ISA_USAGE = YES_ERROR;
				CLANG_WARN_DOCUMENTATION_COMMENTS = YES;
				CLANG_WARN_EMPTY_BODY = YES;
				CLANG_WARN_ENUM_CONVERSION = YES;
				CLANG_WARN_INFINITE_RECURSION = YES;
				CLANG_WARN_INT_CONVERSION = YES;
				CLANG_WARN_NON_LITERAL_NULL_CONVERSION = YES;
				CLANG_WARN_OBJC_IMPLICIT_RETAIN_SELF = YES;
				CLANG_WARN_OBJC_LITERAL_CONVERSION = YES;
				CLANG_WARN_OBJC_ROOT_CLASS = YES_ERROR;
				CLANG_WARN_RANGE_LOOP_ANALYSIS = YES;
				CLANG_WARN_STRICT_PROTOTYPES = YES;
				CLANG_WARN_SUSPICIOUS_MOVE = YES;
				CLANG_WARN_UNGUARDED_AVAILABILITY = YES_AGGRESSIVE;
				CLANG_WARN_UNREACHABLE_CODE = YES;
				CLANG_WARN__DUPLICATE_METHOD_MATCH = YES;
				CODE_SIGN_IDENTITY = "iPhone Developer";
				COPY_PHASE_STRIP = NO;
				DEBUG_INFORMATION_FORMAT = "dwarf-with-dsym";
				ENABLE_NS_ASSERTIONS = NO;
				ENABLE_STRICT_OBJC_MSGSEND = YES;
				GCC_C_LANGUAGE_STANDARD = gnu11;
				GCC_NO_COMMON_BLOCKS = YES;
				GCC_WARN_64_TO_32_BIT_CONVERSION = YES;
				GCC_WARN_ABOUT_RETURN_TYPE = YES_ERROR;
				GCC_WARN_UNDECLARED_SELECTOR = YES;
				GCC_WARN_UNINITIALIZED_AUTOS = YES_AGGRESSIVE;
				GCC_WARN_UNUSED_FUNCTION = YES;
				GCC_WARN_UNUSED_VARIABLE = YES;
				IPHONEOS_DEPLOYMENT_TARGET = 10.0;
				MTL_ENABLE_DEBUG_INFO = NO;
				MTL_FAST_MATH = YES;
				SDKROOT = iphoneos;
				SWIFT_COMPILATION_MODE = wholemodule;
				SWIFT_OPTIMIZATION_LEVEL = "-O";
				VALIDATE_PRODUCT = YES;
			};
			name = Release;
		};
		01578EE921E5E75D002B2033 /* Debug */ = {
			isa = XCBuildConfiguration;
			baseConfigurationReference = A5169C19DCCF2E51B73E147C /* Pods-DroidKaigi 2019.debug.xcconfig */;
			buildSettings = {
				ASSETCATALOG_COMPILER_APPICON_NAME = AppIcon;
				CODE_SIGN_STYLE = Automatic;
				ENABLE_BITCODE = NO;
				FRAMEWORK_SEARCH_PATHS = (
					"$(inherited)",
					"$(SRCROOT)/../ioscombined/build/xcode-frameworks",
					"$(PROJECT_DIR)-combined/build/xcode-frameworks",
					"$(PROJECT_DIR)/Carthage/Build/iOS",
					"$(PROJECT_DIR)combined/build/xcode-frameworks",
				);
				HEADER_SEARCH_PATHS = "";
				INFOPLIST_FILE = "DroidKaigi 2019/Info.plist";
				LD_RUNPATH_SEARCH_PATHS = (
					"$(inherited)",
					"@executable_path/Frameworks",
				);
				PRODUCT_BUNDLE_IDENTIFIER = io.github.droidkaigi.confsched2019.DroidKaigi2019;
				PRODUCT_NAME = "$(TARGET_NAME)";
				SWIFT_VERSION = 4.2;
				TARGETED_DEVICE_FAMILY = "1,2";
				VALID_ARCHS = "arm64 arm64e armv7s";
			};
			name = Debug;
		};
		01578EEA21E5E75D002B2033 /* Release */ = {
			isa = XCBuildConfiguration;
			baseConfigurationReference = 8A9EFD2BFF415746908BCDDF /* Pods-DroidKaigi 2019.release.xcconfig */;
			buildSettings = {
				ASSETCATALOG_COMPILER_APPICON_NAME = AppIcon;
				CODE_SIGN_STYLE = Automatic;
				ENABLE_BITCODE = NO;
				FRAMEWORK_SEARCH_PATHS = (
					"$(inherited)",
					"$(SRCROOT)/../ioscombined/build/xcode-frameworks",
					"$(PROJECT_DIR)-combined/build/xcode-frameworks",
					"$(PROJECT_DIR)/Carthage/Build/iOS",
					"$(PROJECT_DIR)combined/build/xcode-frameworks",
				);
				HEADER_SEARCH_PATHS = "";
				INFOPLIST_FILE = "DroidKaigi 2019/Info.plist";
				LD_RUNPATH_SEARCH_PATHS = (
					"$(inherited)",
					"@executable_path/Frameworks",
				);
				PRODUCT_BUNDLE_IDENTIFIER = io.github.droidkaigi.confsched2019.DroidKaigi2019;
				PRODUCT_NAME = "$(TARGET_NAME)";
				SWIFT_VERSION = 4.2;
				TARGETED_DEVICE_FAMILY = "1,2";
				VALID_ARCHS = "arm64 arm64e armv7s";
			};
			name = Release;
		};
		01578EEC21E5E75D002B2033 /* Debug */ = {
			isa = XCBuildConfiguration;
			baseConfigurationReference = 668449C104FFB0635F949A44 /* Pods-DroidKaigi 2019Tests.debug.xcconfig */;
			buildSettings = {
				ALWAYS_EMBED_SWIFT_STANDARD_LIBRARIES = YES;
				BUNDLE_LOADER = "$(TEST_HOST)";
				CODE_SIGN_STYLE = Automatic;
				FRAMEWORK_SEARCH_PATHS = (
					"$(inherited)",
					"$(PROJECT_DIR)/Carthage/Build/iOS",
				);
				INFOPLIST_FILE = "DroidKaigi 2019Tests/Info.plist";
				LD_RUNPATH_SEARCH_PATHS = (
					"$(inherited)",
					"@executable_path/Frameworks",
					"@loader_path/Frameworks",
				);
				PRODUCT_BUNDLE_IDENTIFIER = "io.github.droidkaigi.confsched2019.DroidKaigi-2019Tests";
				PRODUCT_NAME = "$(TARGET_NAME)";
				SWIFT_VERSION = 4.2;
				TARGETED_DEVICE_FAMILY = "1,2";
				TEST_HOST = "$(BUILT_PRODUCTS_DIR)/DroidKaigi 2019.app/DroidKaigi 2019";
			};
			name = Debug;
		};
		01578EED21E5E75D002B2033 /* Release */ = {
			isa = XCBuildConfiguration;
			baseConfigurationReference = D78D4A19C895C1993281143C /* Pods-DroidKaigi 2019Tests.release.xcconfig */;
			buildSettings = {
				ALWAYS_EMBED_SWIFT_STANDARD_LIBRARIES = YES;
				BUNDLE_LOADER = "$(TEST_HOST)";
				CODE_SIGN_STYLE = Automatic;
				FRAMEWORK_SEARCH_PATHS = (
					"$(inherited)",
					"$(PROJECT_DIR)/Carthage/Build/iOS",
				);
				INFOPLIST_FILE = "DroidKaigi 2019Tests/Info.plist";
				LD_RUNPATH_SEARCH_PATHS = (
					"$(inherited)",
					"@executable_path/Frameworks",
					"@loader_path/Frameworks",
				);
				PRODUCT_BUNDLE_IDENTIFIER = "io.github.droidkaigi.confsched2019.DroidKaigi-2019Tests";
				PRODUCT_NAME = "$(TARGET_NAME)";
				SWIFT_VERSION = 4.2;
				TARGETED_DEVICE_FAMILY = "1,2";
				TEST_HOST = "$(BUILT_PRODUCTS_DIR)/DroidKaigi 2019.app/DroidKaigi 2019";
			};
			name = Release;
		};
		01578EEF21E5E75D002B2033 /* Debug */ = {
			isa = XCBuildConfiguration;
			baseConfigurationReference = DD3A46465103BA27D8540B18 /* Pods-DroidKaigi 2019UITests.debug.xcconfig */;
			buildSettings = {
				ALWAYS_EMBED_SWIFT_STANDARD_LIBRARIES = YES;
				CODE_SIGN_STYLE = Automatic;
				INFOPLIST_FILE = "DroidKaigi 2019UITests/Info.plist";
				LD_RUNPATH_SEARCH_PATHS = (
					"$(inherited)",
					"@executable_path/Frameworks",
					"@loader_path/Frameworks",
				);
				PRODUCT_BUNDLE_IDENTIFIER = "io.github.droidkaigi.confsched2019.DroidKaigi-2019UITests";
				PRODUCT_NAME = "$(TARGET_NAME)";
				SWIFT_VERSION = 4.2;
				TARGETED_DEVICE_FAMILY = "1,2";
				TEST_TARGET_NAME = "DroidKaigi 2019";
			};
			name = Debug;
		};
		01578EF021E5E75D002B2033 /* Release */ = {
			isa = XCBuildConfiguration;
			baseConfigurationReference = 724135790B4D380473272A9A /* Pods-DroidKaigi 2019UITests.release.xcconfig */;
			buildSettings = {
				ALWAYS_EMBED_SWIFT_STANDARD_LIBRARIES = YES;
				CODE_SIGN_STYLE = Automatic;
				INFOPLIST_FILE = "DroidKaigi 2019UITests/Info.plist";
				LD_RUNPATH_SEARCH_PATHS = (
					"$(inherited)",
					"@executable_path/Frameworks",
					"@loader_path/Frameworks",
				);
				PRODUCT_BUNDLE_IDENTIFIER = "io.github.droidkaigi.confsched2019.DroidKaigi-2019UITests";
				PRODUCT_NAME = "$(TARGET_NAME)";
				SWIFT_VERSION = 4.2;
				TARGETED_DEVICE_FAMILY = "1,2";
				TEST_TARGET_NAME = "DroidKaigi 2019";
			};
			name = Release;
		};
/* End XCBuildConfiguration section */

/* Begin XCConfigurationList section */
		01578EB821E5E75A002B2033 /* Build configuration list for PBXProject "DroidKaigi 2019" */ = {
			isa = XCConfigurationList;
			buildConfigurations = (
				01578EE621E5E75D002B2033 /* Debug */,
				01578EE721E5E75D002B2033 /* Release */,
			);
			defaultConfigurationIsVisible = 0;
			defaultConfigurationName = Release;
		};
		01578EE821E5E75D002B2033 /* Build configuration list for PBXNativeTarget "DroidKaigi 2019" */ = {
			isa = XCConfigurationList;
			buildConfigurations = (
				01578EE921E5E75D002B2033 /* Debug */,
				01578EEA21E5E75D002B2033 /* Release */,
			);
			defaultConfigurationIsVisible = 0;
			defaultConfigurationName = Release;
		};
		01578EEB21E5E75D002B2033 /* Build configuration list for PBXNativeTarget "DroidKaigi 2019Tests" */ = {
			isa = XCConfigurationList;
			buildConfigurations = (
				01578EEC21E5E75D002B2033 /* Debug */,
				01578EED21E5E75D002B2033 /* Release */,
			);
			defaultConfigurationIsVisible = 0;
			defaultConfigurationName = Release;
		};
		01578EEE21E5E75D002B2033 /* Build configuration list for PBXNativeTarget "DroidKaigi 2019UITests" */ = {
			isa = XCConfigurationList;
			buildConfigurations = (
				01578EEF21E5E75D002B2033 /* Debug */,
				01578EF021E5E75D002B2033 /* Release */,
			);
			defaultConfigurationIsVisible = 0;
			defaultConfigurationName = Release;
		};
/* End XCConfigurationList section */
	};
	rootObject = 01578EB521E5E75A002B2033 /* Project object */;
}
